
Microsoft Visual Studio Solution File, Format Version 12.00
# Visual Studio Version 16
VisualStudioVersion = 16.0.28803.202
MinimumVisualStudioVersion = 10.0.40219.1
Project("{FAE04EC0-301F-11D3-BF4B-00C04F79EFBC}") = "Doctor", "Doctor\Doctor.csproj", "{76550C5F-AD21-4D64-BE50-DAE599E638AD}"
EndProject
Global
	GlobalSection(SolutionConfigurationPlatforms) = preSolution
		Debug|Any CPU = Debug|Any CPU
		Release|Any CPU = Release|Any CPU
	EndGlobalSection
	GlobalSection(ProjectConfigurationPlatforms) = postSolution
		{76550C5F-AD21-4D64-BE50-DAE599E638AD}.Debug|Any CPU.ActiveCfg = Debug|Any CPU
		{76550C5F-AD21-4D64-BE50-DAE599E638AD}.Debug|Any CPU.Build.0 = Debug|Any CPU
		{76550C5F-AD21-4D64-BE50-DAE599E638AD}.Release|Any CPU.ActiveCfg = Release|Any CPU
		{76550C5F-AD21-4D64-BE50-DAE599E638AD}.Release|Any CPU.Build.0 = Release|Any CPU
	EndGlobalSection
	GlobalSection(SolutionProperties) = preSolution
		HideSolutionNode = FALSE
	EndGlobalSection
	GlobalSection(ExtensibilityGlobals) = postSolution
		SolutionGuid = {4F18AFD7-9934-4496-B076-066124F4B1BE}
	EndGlobalSection
EndGlobal
